// !$*UTF8*$!
{
	archiveVersion = 1;
	classes = {
	};
	objectVersion = 51;
	objects = {

/* Begin PBXBuildFile section */
		5E1029F611EBE91DC3290302 /* Pods_SunethShehan_cobsccomp182p_004.framework in Frameworks */ = {isa = PBXBuildFile; fileRef = D24F3BD12FDD8C447809CA13 /* Pods_SunethShehan_cobsccomp182p_004.framework */; };
		7654480DB04744873AF38005 /* Pods_SunethShehan_cobsccomp182p_004_SunethShehan_cobsccomp182p_004UITests.framework in Frameworks */ = {isa = PBXBuildFile; fileRef = 306CC0F7DDB9C253BE4FFA9E /* Pods_SunethShehan_cobsccomp182p_004_SunethShehan_cobsccomp182p_004UITests.framework */; };
		894B5D0AC1107D9CE3ECFCC1 /* Pods_SunethShehan_cobsccomp182p_004Tests.framework in Frameworks */ = {isa = PBXBuildFile; fileRef = 6519F23492E0202D5CE3BC00 /* Pods_SunethShehan_cobsccomp182p_004Tests.framework */; };
		9933C43123E82805000818B6 /* AppDelegate.swift in Sources */ = {isa = PBXBuildFile; fileRef = 9933C43023E82805000818B6 /* AppDelegate.swift */; };
		9933C43623E82805000818B6 /* Main.storyboard in Resources */ = {isa = PBXBuildFile; fileRef = 9933C43423E82805000818B6 /* Main.storyboard */; };
		9933C43823E82807000818B6 /* Assets.xcassets in Resources */ = {isa = PBXBuildFile; fileRef = 9933C43723E82807000818B6 /* Assets.xcassets */; };
		9933C43B23E82807000818B6 /* LaunchScreen.storyboard in Resources */ = {isa = PBXBuildFile; fileRef = 9933C43923E82807000818B6 /* LaunchScreen.storyboard */; };
		9933C44623E82807000818B6 /* SunethShehan_cobsccomp182p_004Tests.swift in Sources */ = {isa = PBXBuildFile; fileRef = 9933C44523E82807000818B6 /* SunethShehan_cobsccomp182p_004Tests.swift */; };
		9933C45123E82807000818B6 /* SunethShehan_cobsccomp182p_004UITests.swift in Sources */ = {isa = PBXBuildFile; fileRef = 9933C45023E82807000818B6 /* SunethShehan_cobsccomp182p_004UITests.swift */; };
		9933C45F23E82EFD000818B6 /* GoogleService-Info.plist in Resources */ = {isa = PBXBuildFile; fileRef = 9933C45E23E82EFD000818B6 /* GoogleService-Info.plist */; };
		9939FB8E23F965D200E75238 /* UpdateProfileViewController.swift in Sources */ = {isa = PBXBuildFile; fileRef = 9939FB8D23F965D200E75238 /* UpdateProfileViewController.swift */; };
		993A2FC323F1D4DA00E38439 /* EventViewController.swift in Sources */ = {isa = PBXBuildFile; fileRef = 993A2FC223F1D4DA00E38439 /* EventViewController.swift */; };
		993AED5023FE6BB60030BA47 /* DateHandler.swift in Sources */ = {isa = PBXBuildFile; fileRef = 993AED4F23FE6BB60030BA47 /* DateHandler.swift */; };
		993AED5223FE6F2E0030BA47 /* FirestoreClient.swift in Sources */ = {isa = PBXBuildFile; fileRef = 993AED5123FE6F2E0030BA47 /* FirestoreClient.swift */; };
		993AED5523FE711B0030BA47 /* FormValidation.swift in Sources */ = {isa = PBXBuildFile; fileRef = 993AED5423FE711B0030BA47 /* FormValidation.swift */; };
		993AED5723FE72320030BA47 /* FStorageClient.swift in Sources */ = {isa = PBXBuildFile; fileRef = 993AED5623FE72320030BA47 /* FStorageClient.swift */; };
		993D093C23ED264C002F14FA /* ImagePicker.swift in Sources */ = {isa = PBXBuildFile; fileRef = 993D093B23ED264C002F14FA /* ImagePicker.swift */; };
		994A10C6240259E500B1B1D5 /* CurrentUser.swift in Sources */ = {isa = PBXBuildFile; fileRef = 994A10C5240259E500B1B1D5 /* CurrentUser.swift */; };
		994A10C824025CC400B1B1D5 /* FAuthClient.swift in Sources */ = {isa = PBXBuildFile; fileRef = 994A10C724025CC400B1B1D5 /* FAuthClient.swift */; };
		994A10CA2402972900B1B1D5 /* ProfileViewController.swift in Sources */ = {isa = PBXBuildFile; fileRef = 994A10C92402972900B1B1D5 /* ProfileViewController.swift */; };
		9959E30A23FFEE6F0069D7F4 /* Guest.storyboard in Resources */ = {isa = PBXBuildFile; fileRef = 9959E30923FFEE6F0069D7F4 /* Guest.storyboard */; };
		9959E30C23FFEF670069D7F4 /* GuestTableViewController.swift in Sources */ = {isa = PBXBuildFile; fileRef = 9959E30B23FFEF670069D7F4 /* GuestTableViewController.swift */; };
		9959E30E23FFFFF00069D7F4 /* LocalAuthentication.framework in Frameworks */ = {isa = PBXBuildFile; fileRef = 9959E30D23FFFFF00069D7F4 /* LocalAuthentication.framework */; };
		995B9D7D23EFAE3800F1A970 /* PostEventViewController.swift in Sources */ = {isa = PBXBuildFile; fileRef = 995B9D7C23EFAE3800F1A970 /* PostEventViewController.swift */; };
		995B9D8123EFB81A00F1A970 /* EventsTableViewController.swift in Sources */ = {isa = PBXBuildFile; fileRef = 995B9D8023EFB81A00F1A970 /* EventsTableViewController.swift */; };
		995B9D8423EFB95600F1A970 /* EventsTableViewCell.swift in Sources */ = {isa = PBXBuildFile; fileRef = 995B9D8323EFB95600F1A970 /* EventsTableViewCell.swift */; };
		995EFE5823FA7C73000FA9E4 /* User.swift in Sources */ = {isa = PBXBuildFile; fileRef = 995EFE5723FA7C73000FA9E4 /* User.swift */; };
		995EFE5B23FA7D67000FA9E4 /* Event.swift in Sources */ = {isa = PBXBuildFile; fileRef = 995EFE5A23FA7D67000FA9E4 /* Event.swift */; };
		99631BE023FDAB2F00F0F7C0 /* Location.swift in Sources */ = {isa = PBXBuildFile; fileRef = 99631BDF23FDAB2F00F0F7C0 /* Location.swift */; };
		99631BE223FDABB800F0F7C0 /* CoreLocation.framework in Frameworks */ = {isa = PBXBuildFile; fileRef = 99631BE123FDABB800F0F7C0 /* CoreLocation.framework */; };
		997C811623EC6ED2003844D9 /* UserAuthentication.storyboard in Resources */ = {isa = PBXBuildFile; fileRef = 997C811523EC6ED2003844D9 /* UserAuthentication.storyboard */; };
		997C811823EC7051003844D9 /* LoginViewController.swift in Sources */ = {isa = PBXBuildFile; fileRef = 997C811723EC7051003844D9 /* LoginViewController.swift */; };
		997C811C23EC7459003844D9 /* UIExtensions.swift in Sources */ = {isa = PBXBuildFile; fileRef = 997C811B23EC7459003844D9 /* UIExtensions.swift */; };
		997C811E23EC7AC6003844D9 /* RegistrationViewController.swift in Sources */ = {isa = PBXBuildFile; fileRef = 997C811D23EC7AC6003844D9 /* RegistrationViewController.swift */; };
		9980DD8523FF870B000BEEBC /* Alerts.swift in Sources */ = {isa = PBXBuildFile; fileRef = 9980DD8423FF870B000BEEBC /* Alerts.swift */; };
		9980DD8723FF93E9000BEEBC /* Routes.swift in Sources */ = {isa = PBXBuildFile; fileRef = 9980DD8623FF93E9000BEEBC /* Routes.swift */; };
/* End PBXBuildFile section */

/* Begin PBXContainerItemProxy section */
		9933C44223E82807000818B6 /* PBXContainerItemProxy */ = {
			isa = PBXContainerItemProxy;
			containerPortal = 9933C42523E82805000818B6 /* Project object */;
			proxyType = 1;
			remoteGlobalIDString = 9933C42C23E82805000818B6;
			remoteInfo = "SunethShehan-cobsccomp182p-004";
		};
		9933C44D23E82807000818B6 /* PBXContainerItemProxy */ = {
			isa = PBXContainerItemProxy;
			containerPortal = 9933C42523E82805000818B6 /* Project object */;
			proxyType = 1;
			remoteGlobalIDString = 9933C42C23E82805000818B6;
			remoteInfo = "SunethShehan-cobsccomp182p-004";
		};
/* End PBXContainerItemProxy section */

/* Begin PBXFileReference section */
		19F52C9B74A470CEE9D49082 /* Pods-SunethShehan-cobsccomp182p-004-SunethShehan-cobsccomp182p-004UITests.release.xcconfig */ = {isa = PBXFileReference; includeInIndex = 1; lastKnownFileType = text.xcconfig; name = "Pods-SunethShehan-cobsccomp182p-004-SunethShehan-cobsccomp182p-004UITests.release.xcconfig"; path = "Target Support Files/Pods-SunethShehan-cobsccomp182p-004-SunethShehan-cobsccomp182p-004UITests/Pods-SunethShehan-cobsccomp182p-004-SunethShehan-cobsccomp182p-004UITests.release.xcconfig"; sourceTree = "<group>"; };
		247C148DADB2F06F4DED341A /* Pods-SunethShehan-cobsccomp182p-004.release.xcconfig */ = {isa = PBXFileReference; includeInIndex = 1; lastKnownFileType = text.xcconfig; name = "Pods-SunethShehan-cobsccomp182p-004.release.xcconfig"; path = "Target Support Files/Pods-SunethShehan-cobsccomp182p-004/Pods-SunethShehan-cobsccomp182p-004.release.xcconfig"; sourceTree = "<group>"; };
		306CC0F7DDB9C253BE4FFA9E /* Pods_SunethShehan_cobsccomp182p_004_SunethShehan_cobsccomp182p_004UITests.framework */ = {isa = PBXFileReference; explicitFileType = wrapper.framework; includeInIndex = 0; path = Pods_SunethShehan_cobsccomp182p_004_SunethShehan_cobsccomp182p_004UITests.framework; sourceTree = BUILT_PRODUCTS_DIR; };
		3379A7821E31CCCDEE336B13 /* Pods-SunethShehan-cobsccomp182p-004-SunethShehan-cobsccomp182p-004UITests.debug.xcconfig */ = {isa = PBXFileReference; includeInIndex = 1; lastKnownFileType = text.xcconfig; name = "Pods-SunethShehan-cobsccomp182p-004-SunethShehan-cobsccomp182p-004UITests.debug.xcconfig"; path = "Target Support Files/Pods-SunethShehan-cobsccomp182p-004-SunethShehan-cobsccomp182p-004UITests/Pods-SunethShehan-cobsccomp182p-004-SunethShehan-cobsccomp182p-004UITests.debug.xcconfig"; sourceTree = "<group>"; };
		6519F23492E0202D5CE3BC00 /* Pods_SunethShehan_cobsccomp182p_004Tests.framework */ = {isa = PBXFileReference; explicitFileType = wrapper.framework; includeInIndex = 0; path = Pods_SunethShehan_cobsccomp182p_004Tests.framework; sourceTree = BUILT_PRODUCTS_DIR; };
		70300C1D5FF32A6D718EE357 /* Pods-SunethShehan-cobsccomp182p-004Tests.debug.xcconfig */ = {isa = PBXFileReference; includeInIndex = 1; lastKnownFileType = text.xcconfig; name = "Pods-SunethShehan-cobsccomp182p-004Tests.debug.xcconfig"; path = "Target Support Files/Pods-SunethShehan-cobsccomp182p-004Tests/Pods-SunethShehan-cobsccomp182p-004Tests.debug.xcconfig"; sourceTree = "<group>"; };
		9933C42D23E82805000818B6 /* SunethShehan-cobsccomp182p-004.app */ = {isa = PBXFileReference; explicitFileType = wrapper.application; includeInIndex = 0; path = "SunethShehan-cobsccomp182p-004.app"; sourceTree = BUILT_PRODUCTS_DIR; };
		9933C43023E82805000818B6 /* AppDelegate.swift */ = {isa = PBXFileReference; lastKnownFileType = sourcecode.swift; path = AppDelegate.swift; sourceTree = "<group>"; };
		9933C43523E82805000818B6 /* Base */ = {isa = PBXFileReference; lastKnownFileType = file.storyboard; name = Base; path = Base.lproj/Main.storyboard; sourceTree = "<group>"; };
		9933C43723E82807000818B6 /* Assets.xcassets */ = {isa = PBXFileReference; lastKnownFileType = folder.assetcatalog; path = Assets.xcassets; sourceTree = "<group>"; };
		9933C43A23E82807000818B6 /* Base */ = {isa = PBXFileReference; lastKnownFileType = file.storyboard; name = Base; path = Base.lproj/LaunchScreen.storyboard; sourceTree = "<group>"; };
		9933C43C23E82807000818B6 /* Info.plist */ = {isa = PBXFileReference; lastKnownFileType = text.plist.xml; path = Info.plist; sourceTree = "<group>"; };
		9933C44123E82807000818B6 /* SunethShehan-cobsccomp182p-004Tests.xctest */ = {isa = PBXFileReference; explicitFileType = wrapper.cfbundle; includeInIndex = 0; path = "SunethShehan-cobsccomp182p-004Tests.xctest"; sourceTree = BUILT_PRODUCTS_DIR; };
		9933C44523E82807000818B6 /* SunethShehan_cobsccomp182p_004Tests.swift */ = {isa = PBXFileReference; lastKnownFileType = sourcecode.swift; path = SunethShehan_cobsccomp182p_004Tests.swift; sourceTree = "<group>"; };
		9933C44723E82807000818B6 /* Info.plist */ = {isa = PBXFileReference; lastKnownFileType = text.plist.xml; path = Info.plist; sourceTree = "<group>"; };
		9933C44C23E82807000818B6 /* SunethShehan-cobsccomp182p-004UITests.xctest */ = {isa = PBXFileReference; explicitFileType = wrapper.cfbundle; includeInIndex = 0; path = "SunethShehan-cobsccomp182p-004UITests.xctest"; sourceTree = BUILT_PRODUCTS_DIR; };
		9933C45023E82807000818B6 /* SunethShehan_cobsccomp182p_004UITests.swift */ = {isa = PBXFileReference; lastKnownFileType = sourcecode.swift; path = SunethShehan_cobsccomp182p_004UITests.swift; sourceTree = "<group>"; };
		9933C45223E82807000818B6 /* Info.plist */ = {isa = PBXFileReference; lastKnownFileType = text.plist.xml; path = Info.plist; sourceTree = "<group>"; };
		9933C45E23E82EFD000818B6 /* GoogleService-Info.plist */ = {isa = PBXFileReference; fileEncoding = 4; lastKnownFileType = text.plist.xml; path = "GoogleService-Info.plist"; sourceTree = "<group>"; };
		9939FB8D23F965D200E75238 /* UpdateProfileViewController.swift */ = {isa = PBXFileReference; lastKnownFileType = sourcecode.swift; path = UpdateProfileViewController.swift; sourceTree = "<group>"; };
		993A2FC223F1D4DA00E38439 /* EventViewController.swift */ = {isa = PBXFileReference; lastKnownFileType = sourcecode.swift; path = EventViewController.swift; sourceTree = "<group>"; };
		993AED4F23FE6BB60030BA47 /* DateHandler.swift */ = {isa = PBXFileReference; lastKnownFileType = sourcecode.swift; path = DateHandler.swift; sourceTree = "<group>"; };
		993AED5123FE6F2E0030BA47 /* FirestoreClient.swift */ = {isa = PBXFileReference; lastKnownFileType = sourcecode.swift; path = FirestoreClient.swift; sourceTree = "<group>"; };
		993AED5423FE711B0030BA47 /* FormValidation.swift */ = {isa = PBXFileReference; lastKnownFileType = sourcecode.swift; path = FormValidation.swift; sourceTree = "<group>"; };
		993AED5623FE72320030BA47 /* FStorageClient.swift */ = {isa = PBXFileReference; lastKnownFileType = sourcecode.swift; path = FStorageClient.swift; sourceTree = "<group>"; };
		993D093B23ED264C002F14FA /* ImagePicker.swift */ = {isa = PBXFileReference; lastKnownFileType = sourcecode.swift; path = ImagePicker.swift; sourceTree = "<group>"; };
		994A10C5240259E500B1B1D5 /* CurrentUser.swift */ = {isa = PBXFileReference; lastKnownFileType = sourcecode.swift; path = CurrentUser.swift; sourceTree = "<group>"; };
		994A10C724025CC400B1B1D5 /* FAuthClient.swift */ = {isa = PBXFileReference; lastKnownFileType = sourcecode.swift; path = FAuthClient.swift; sourceTree = "<group>"; };
		994A10C92402972900B1B1D5 /* ProfileViewController.swift */ = {isa = PBXFileReference; lastKnownFileType = sourcecode.swift; path = ProfileViewController.swift; sourceTree = "<group>"; };
		9959E30923FFEE6F0069D7F4 /* Guest.storyboard */ = {isa = PBXFileReference; lastKnownFileType = file.storyboard; path = Guest.storyboard; sourceTree = "<group>"; };
		9959E30B23FFEF670069D7F4 /* GuestTableViewController.swift */ = {isa = PBXFileReference; lastKnownFileType = sourcecode.swift; path = GuestTableViewController.swift; sourceTree = "<group>"; };
		9959E30D23FFFFF00069D7F4 /* LocalAuthentication.framework */ = {isa = PBXFileReference; lastKnownFileType = wrapper.framework; name = LocalAuthentication.framework; path = System/Library/Frameworks/LocalAuthentication.framework; sourceTree = SDKROOT; };
		995B9D7C23EFAE3800F1A970 /* PostEventViewController.swift */ = {isa = PBXFileReference; lastKnownFileType = sourcecode.swift; path = PostEventViewController.swift; sourceTree = "<group>"; };
		995B9D8023EFB81A00F1A970 /* EventsTableViewController.swift */ = {isa = PBXFileReference; lastKnownFileType = sourcecode.swift; path = EventsTableViewController.swift; sourceTree = "<group>"; };
		995B9D8323EFB95600F1A970 /* EventsTableViewCell.swift */ = {isa = PBXFileReference; lastKnownFileType = sourcecode.swift; path = EventsTableViewCell.swift; sourceTree = "<group>"; };
		995EFE5723FA7C73000FA9E4 /* User.swift */ = {isa = PBXFileReference; lastKnownFileType = sourcecode.swift; path = User.swift; sourceTree = "<group>"; };
		995EFE5A23FA7D67000FA9E4 /* Event.swift */ = {isa = PBXFileReference; lastKnownFileType = sourcecode.swift; path = Event.swift; sourceTree = "<group>"; };
		99631BDF23FDAB2F00F0F7C0 /* Location.swift */ = {isa = PBXFileReference; lastKnownFileType = sourcecode.swift; path = Location.swift; sourceTree = "<group>"; };
		99631BE123FDABB800F0F7C0 /* CoreLocation.framework */ = {isa = PBXFileReference; lastKnownFileType = wrapper.framework; name = CoreLocation.framework; path = System/Library/Frameworks/CoreLocation.framework; sourceTree = SDKROOT; };
		997C811523EC6ED2003844D9 /* UserAuthentication.storyboard */ = {isa = PBXFileReference; lastKnownFileType = file.storyboard; path = UserAuthentication.storyboard; sourceTree = "<group>"; };
		997C811723EC7051003844D9 /* LoginViewController.swift */ = {isa = PBXFileReference; lastKnownFileType = sourcecode.swift; path = LoginViewController.swift; sourceTree = "<group>"; };
		997C811B23EC7459003844D9 /* UIExtensions.swift */ = {isa = PBXFileReference; lastKnownFileType = sourcecode.swift; path = UIExtensions.swift; sourceTree = "<group>"; };
		997C811D23EC7AC6003844D9 /* RegistrationViewController.swift */ = {isa = PBXFileReference; lastKnownFileType = sourcecode.swift; path = RegistrationViewController.swift; sourceTree = "<group>"; };
		9980DD8423FF870B000BEEBC /* Alerts.swift */ = {isa = PBXFileReference; lastKnownFileType = sourcecode.swift; path = Alerts.swift; sourceTree = "<group>"; };
		9980DD8623FF93E9000BEEBC /* Routes.swift */ = {isa = PBXFileReference; lastKnownFileType = sourcecode.swift; path = Routes.swift; sourceTree = "<group>"; };
		B5789176E32A2B3AEACA7538 /* Pods-SunethShehan-cobsccomp182p-004Tests.release.xcconfig */ = {isa = PBXFileReference; includeInIndex = 1; lastKnownFileType = text.xcconfig; name = "Pods-SunethShehan-cobsccomp182p-004Tests.release.xcconfig"; path = "Target Support Files/Pods-SunethShehan-cobsccomp182p-004Tests/Pods-SunethShehan-cobsccomp182p-004Tests.release.xcconfig"; sourceTree = "<group>"; };
		D24F3BD12FDD8C447809CA13 /* Pods_SunethShehan_cobsccomp182p_004.framework */ = {isa = PBXFileReference; explicitFileType = wrapper.framework; includeInIndex = 0; path = Pods_SunethShehan_cobsccomp182p_004.framework; sourceTree = BUILT_PRODUCTS_DIR; };
		F9620E3644B4A65D9881240F /* Pods-SunethShehan-cobsccomp182p-004.debug.xcconfig */ = {isa = PBXFileReference; includeInIndex = 1; lastKnownFileType = text.xcconfig; name = "Pods-SunethShehan-cobsccomp182p-004.debug.xcconfig"; path = "Target Support Files/Pods-SunethShehan-cobsccomp182p-004/Pods-SunethShehan-cobsccomp182p-004.debug.xcconfig"; sourceTree = "<group>"; };
/* End PBXFileReference section */

/* Begin PBXFrameworksBuildPhase section */
		9933C42A23E82805000818B6 /* Frameworks */ = {
			isa = PBXFrameworksBuildPhase;
			buildActionMask = 2147483647;
			files = (
				9959E30E23FFFFF00069D7F4 /* LocalAuthentication.framework in Frameworks */,
				99631BE223FDABB800F0F7C0 /* CoreLocation.framework in Frameworks */,
				5E1029F611EBE91DC3290302 /* Pods_SunethShehan_cobsccomp182p_004.framework in Frameworks */,
			);
			runOnlyForDeploymentPostprocessing = 0;
		};
		9933C43E23E82807000818B6 /* Frameworks */ = {
			isa = PBXFrameworksBuildPhase;
			buildActionMask = 2147483647;
			files = (
				894B5D0AC1107D9CE3ECFCC1 /* Pods_SunethShehan_cobsccomp182p_004Tests.framework in Frameworks */,
			);
			runOnlyForDeploymentPostprocessing = 0;
		};
		9933C44923E82807000818B6 /* Frameworks */ = {
			isa = PBXFrameworksBuildPhase;
			buildActionMask = 2147483647;
			files = (
				7654480DB04744873AF38005 /* Pods_SunethShehan_cobsccomp182p_004_SunethShehan_cobsccomp182p_004UITests.framework in Frameworks */,
			);
			runOnlyForDeploymentPostprocessing = 0;
		};
/* End PBXFrameworksBuildPhase section */

/* Begin PBXGroup section */
		9933C42423E82805000818B6 = {
			isa = PBXGroup;
			children = (
				9933C42F23E82805000818B6 /* SunethShehan-cobsccomp182p-004 */,
				9933C44423E82807000818B6 /* SunethShehan-cobsccomp182p-004Tests */,
				9933C44F23E82807000818B6 /* SunethShehan-cobsccomp182p-004UITests */,
				9933C42E23E82805000818B6 /* Products */,
				C27F3DE26FFA733ACB1ED8F8 /* Pods */,
				BD6FB842AAED1613514B9B2C /* Frameworks */,
			);
			sourceTree = "<group>";
		};
		9933C42E23E82805000818B6 /* Products */ = {
			isa = PBXGroup;
			children = (
				9933C42D23E82805000818B6 /* SunethShehan-cobsccomp182p-004.app */,
				9933C44123E82807000818B6 /* SunethShehan-cobsccomp182p-004Tests.xctest */,
				9933C44C23E82807000818B6 /* SunethShehan-cobsccomp182p-004UITests.xctest */,
			);
			name = Products;
			sourceTree = "<group>";
		};
		9933C42F23E82805000818B6 /* SunethShehan-cobsccomp182p-004 */ = {
			isa = PBXGroup;
			children = (
				993AED5323FE6F7C0030BA47 /* Util */,
				993AED4E23FE6B6E0030BA47 /* Helpers */,
				99591B0123FBCD3400F191FB /* Common */,
				994A10C4240259B400B1B1D5 /* Constants */,
				995EFE5623FA7C17000FA9E4 /* Models */,
				995F3A3E23E9260F00E39A78 /* ViewControllers */,
				995B9D8223EFB90800F1A970 /* CustomTableCells */,
				995F3A3D23E924DF00E39A78 /* Storyboards */,
				997C811923EC72EA003844D9 /* CustomUIControls */,
				997C811A23EC7401003844D9 /* UIExtensions */,
				997C811F23EC826E003844D9 /* PartialViews */,
				997C812023EC8282003844D9 /* PartialViewControllers */,
				9933C45E23E82EFD000818B6 /* GoogleService-Info.plist */,
				9933C43023E82805000818B6 /* AppDelegate.swift */,
				9933C43723E82807000818B6 /* Assets.xcassets */,
				9933C43C23E82807000818B6 /* Info.plist */,
			);
			path = "SunethShehan-cobsccomp182p-004";
			sourceTree = "<group>";
		};
		9933C44423E82807000818B6 /* SunethShehan-cobsccomp182p-004Tests */ = {
			isa = PBXGroup;
			children = (
				9933C44523E82807000818B6 /* SunethShehan_cobsccomp182p_004Tests.swift */,
				9933C44723E82807000818B6 /* Info.plist */,
			);
			path = "SunethShehan-cobsccomp182p-004Tests";
			sourceTree = "<group>";
		};
		9933C44F23E82807000818B6 /* SunethShehan-cobsccomp182p-004UITests */ = {
			isa = PBXGroup;
			children = (
				9933C45023E82807000818B6 /* SunethShehan_cobsccomp182p_004UITests.swift */,
				9933C45223E82807000818B6 /* Info.plist */,
			);
			path = "SunethShehan-cobsccomp182p-004UITests";
			sourceTree = "<group>";
		};
		993AED4E23FE6B6E0030BA47 /* Helpers */ = {
			isa = PBXGroup;
			children = (
				993AED4F23FE6BB60030BA47 /* DateHandler.swift */,
				993AED5123FE6F2E0030BA47 /* FirestoreClient.swift */,
				993AED5623FE72320030BA47 /* FStorageClient.swift */,
				994A10C724025CC400B1B1D5 /* FAuthClient.swift */,
			);
			path = Helpers;
			sourceTree = "<group>";
		};
		993AED5323FE6F7C0030BA47 /* Util */ = {
			isa = PBXGroup;
			children = (
				993AED5423FE711B0030BA47 /* FormValidation.swift */,
			);
			path = Util;
			sourceTree = "<group>";
		};
		994A10C4240259B400B1B1D5 /* Constants */ = {
			isa = PBXGroup;
			children = (
				994A10C5240259E500B1B1D5 /* CurrentUser.swift */,
			);
			path = Constants;
			sourceTree = "<group>";
		};
		99591B0123FBCD3400F191FB /* Common */ = {
			isa = PBXGroup;
			children = (
				99631BDF23FDAB2F00F0F7C0 /* Location.swift */,
				9980DD8423FF870B000BEEBC /* Alerts.swift */,
				9980DD8623FF93E9000BEEBC /* Routes.swift */,
			);
			path = Common;
			sourceTree = "<group>";
		};
		995B9D8223EFB90800F1A970 /* CustomTableCells */ = {
			isa = PBXGroup;
			children = (
				995B9D8323EFB95600F1A970 /* EventsTableViewCell.swift */,
			);
			path = CustomTableCells;
			sourceTree = "<group>";
		};
		995CFC63240222140012A4C4 /* TableViews */ = {
			isa = PBXGroup;
			children = (
				995B9D8023EFB81A00F1A970 /* EventsTableViewController.swift */,
				9959E30B23FFEF670069D7F4 /* GuestTableViewController.swift */,
			);
			path = TableViews;
			sourceTree = "<group>";
		};
		995EFE5623FA7C17000FA9E4 /* Models */ = {
			isa = PBXGroup;
			children = (
				995EFE5723FA7C73000FA9E4 /* User.swift */,
				995EFE5A23FA7D67000FA9E4 /* Event.swift */,
			);
			path = Models;
			sourceTree = "<group>";
		};
		995F3A3D23E924DF00E39A78 /* Storyboards */ = {
			isa = PBXGroup;
			children = (
				9933C43923E82807000818B6 /* LaunchScreen.storyboard */,
				9933C43423E82805000818B6 /* Main.storyboard */,
				997C811523EC6ED2003844D9 /* UserAuthentication.storyboard */,
				9959E30923FFEE6F0069D7F4 /* Guest.storyboard */,
			);
			path = Storyboards;
			sourceTree = "<group>";
		};
		995F3A3E23E9260F00E39A78 /* ViewControllers */ = {
			isa = PBXGroup;
			children = (
				9980DD8923FF94D6000BEEBC /* Users */,
				9980DD8823FF94CA000BEEBC /* Events */,
			);
			path = ViewControllers;
			sourceTree = "<group>";
		};
		997C811923EC72EA003844D9 /* CustomUIControls */ = {
			isa = PBXGroup;
			children = (
				993D093B23ED264C002F14FA /* ImagePicker.swift */,
			);
			path = CustomUIControls;
			sourceTree = "<group>";
		};
		997C811A23EC7401003844D9 /* UIExtensions */ = {
			isa = PBXGroup;
			children = (
				997C811B23EC7459003844D9 /* UIExtensions.swift */,
			);
			path = UIExtensions;
			sourceTree = "<group>";
		};
		997C811F23EC826E003844D9 /* PartialViews */ = {
			isa = PBXGroup;
			children = (
			);
			path = PartialViews;
			sourceTree = "<group>";
		};
		997C812023EC8282003844D9 /* PartialViewControllers */ = {
			isa = PBXGroup;
			children = (
			);
			path = PartialViewControllers;
			sourceTree = "<group>";
		};
		9980DD8823FF94CA000BEEBC /* Events */ = {
			isa = PBXGroup;
			children = (
				995CFC63240222140012A4C4 /* TableViews */,
				995B9D7C23EFAE3800F1A970 /* PostEventViewController.swift */,
				993A2FC223F1D4DA00E38439 /* EventViewController.swift */,
			);
			path = Events;
			sourceTree = "<group>";
		};
		9980DD8923FF94D6000BEEBC /* Users */ = {
			isa = PBXGroup;
			children = (
				997C811D23EC7AC6003844D9 /* RegistrationViewController.swift */,
				997C811723EC7051003844D9 /* LoginViewController.swift */,
				9939FB8D23F965D200E75238 /* UpdateProfileViewController.swift */,
				994A10C92402972900B1B1D5 /* ProfileViewController.swift */,
			);
			path = Users;
			sourceTree = "<group>";
		};
		BD6FB842AAED1613514B9B2C /* Frameworks */ = {
			isa = PBXGroup;
			children = (
				9959E30D23FFFFF00069D7F4 /* LocalAuthentication.framework */,
				99631BE123FDABB800F0F7C0 /* CoreLocation.framework */,
				D24F3BD12FDD8C447809CA13 /* Pods_SunethShehan_cobsccomp182p_004.framework */,
				306CC0F7DDB9C253BE4FFA9E /* Pods_SunethShehan_cobsccomp182p_004_SunethShehan_cobsccomp182p_004UITests.framework */,
				6519F23492E0202D5CE3BC00 /* Pods_SunethShehan_cobsccomp182p_004Tests.framework */,
			);
			name = Frameworks;
			sourceTree = "<group>";
		};
		C27F3DE26FFA733ACB1ED8F8 /* Pods */ = {
			isa = PBXGroup;
			children = (
				F9620E3644B4A65D9881240F /* Pods-SunethShehan-cobsccomp182p-004.debug.xcconfig */,
				247C148DADB2F06F4DED341A /* Pods-SunethShehan-cobsccomp182p-004.release.xcconfig */,
				3379A7821E31CCCDEE336B13 /* Pods-SunethShehan-cobsccomp182p-004-SunethShehan-cobsccomp182p-004UITests.debug.xcconfig */,
				19F52C9B74A470CEE9D49082 /* Pods-SunethShehan-cobsccomp182p-004-SunethShehan-cobsccomp182p-004UITests.release.xcconfig */,
				70300C1D5FF32A6D718EE357 /* Pods-SunethShehan-cobsccomp182p-004Tests.debug.xcconfig */,
				B5789176E32A2B3AEACA7538 /* Pods-SunethShehan-cobsccomp182p-004Tests.release.xcconfig */,
			);
			path = Pods;
			sourceTree = "<group>";
		};
/* End PBXGroup section */

/* Begin PBXNativeTarget section */
		9933C42C23E82805000818B6 /* SunethShehan-cobsccomp182p-004 */ = {
			isa = PBXNativeTarget;
			buildConfigurationList = 9933C45523E82807000818B6 /* Build configuration list for PBXNativeTarget "SunethShehan-cobsccomp182p-004" */;
			buildPhases = (
				3D1CC0BDE236F15399B29A9E /* [CP] Check Pods Manifest.lock */,
				9933C42923E82805000818B6 /* Sources */,
				9933C42A23E82805000818B6 /* Frameworks */,
				9933C42B23E82805000818B6 /* Resources */,
				4F7209FB1E29F5FCC10A3B20 /* [CP] Embed Pods Frameworks */,
			);
			buildRules = (
			);
			dependencies = (
			);
			name = "SunethShehan-cobsccomp182p-004";
			productName = "SunethShehan-cobsccomp182p-004";
			productReference = 9933C42D23E82805000818B6 /* SunethShehan-cobsccomp182p-004.app */;
			productType = "com.apple.product-type.application";
		};
		9933C44023E82807000818B6 /* SunethShehan-cobsccomp182p-004Tests */ = {
			isa = PBXNativeTarget;
			buildConfigurationList = 9933C45823E82807000818B6 /* Build configuration list for PBXNativeTarget "SunethShehan-cobsccomp182p-004Tests" */;
			buildPhases = (
				CF6E8E1F529E4D6276AD025E /* [CP] Check Pods Manifest.lock */,
				9933C43D23E82807000818B6 /* Sources */,
				9933C43E23E82807000818B6 /* Frameworks */,
				9933C43F23E82807000818B6 /* Resources */,
			);
			buildRules = (
			);
			dependencies = (
				9933C44323E82807000818B6 /* PBXTargetDependency */,
			);
			name = "SunethShehan-cobsccomp182p-004Tests";
			productName = "SunethShehan-cobsccomp182p-004Tests";
			productReference = 9933C44123E82807000818B6 /* SunethShehan-cobsccomp182p-004Tests.xctest */;
			productType = "com.apple.product-type.bundle.unit-test";
		};
		9933C44B23E82807000818B6 /* SunethShehan-cobsccomp182p-004UITests */ = {
			isa = PBXNativeTarget;
			buildConfigurationList = 9933C45B23E82807000818B6 /* Build configuration list for PBXNativeTarget "SunethShehan-cobsccomp182p-004UITests" */;
			buildPhases = (
				D1885C16162857CDC409D5E7 /* [CP] Check Pods Manifest.lock */,
				9933C44823E82807000818B6 /* Sources */,
				9933C44923E82807000818B6 /* Frameworks */,
				9933C44A23E82807000818B6 /* Resources */,
				7537E024AB47D30F51519442 /* [CP] Embed Pods Frameworks */,
			);
			buildRules = (
			);
			dependencies = (
				9933C44E23E82807000818B6 /* PBXTargetDependency */,
			);
			name = "SunethShehan-cobsccomp182p-004UITests";
			productName = "SunethShehan-cobsccomp182p-004UITests";
			productReference = 9933C44C23E82807000818B6 /* SunethShehan-cobsccomp182p-004UITests.xctest */;
			productType = "com.apple.product-type.bundle.ui-testing";
		};
/* End PBXNativeTarget section */

/* Begin PBXProject section */
		9933C42523E82805000818B6 /* Project object */ = {
			isa = PBXProject;
			attributes = {
				LastSwiftUpdateCheck = 1030;
				LastUpgradeCheck = 1030;
				ORGANIZATIONNAME = Suneth;
				TargetAttributes = {
					9933C42C23E82805000818B6 = {
						CreatedOnToolsVersion = 10.3;
					};
					9933C44023E82807000818B6 = {
						CreatedOnToolsVersion = 10.3;
						TestTargetID = 9933C42C23E82805000818B6;
					};
					9933C44B23E82807000818B6 = {
						CreatedOnToolsVersion = 10.3;
						TestTargetID = 9933C42C23E82805000818B6;
					};
				};
			};
			buildConfigurationList = 9933C42823E82805000818B6 /* Build configuration list for PBXProject "SunethShehan-cobsccomp182p-004" */;
			compatibilityVersion = "Xcode 9.3";
			developmentRegion = en;
			hasScannedForEncodings = 0;
			knownRegions = (
				en,
				Base,
			);
			mainGroup = 9933C42423E82805000818B6;
			productRefGroup = 9933C42E23E82805000818B6 /* Products */;
			projectDirPath = "";
			projectRoot = "";
			targets = (
				9933C42C23E82805000818B6 /* SunethShehan-cobsccomp182p-004 */,
				9933C44023E82807000818B6 /* SunethShehan-cobsccomp182p-004Tests */,
				9933C44B23E82807000818B6 /* SunethShehan-cobsccomp182p-004UITests */,
			);
		};
/* End PBXProject section */

/* Begin PBXResourcesBuildPhase section */
		9933C42B23E82805000818B6 /* Resources */ = {
			isa = PBXResourcesBuildPhase;
			buildActionMask = 2147483647;
			files = (
				997C811623EC6ED2003844D9 /* UserAuthentication.storyboard in Resources */,
				9933C43B23E82807000818B6 /* LaunchScreen.storyboard in Resources */,
				9933C45F23E82EFD000818B6 /* GoogleService-Info.plist in Resources */,
				9959E30A23FFEE6F0069D7F4 /* Guest.storyboard in Resources */,
				9933C43823E82807000818B6 /* Assets.xcassets in Resources */,
				9933C43623E82805000818B6 /* Main.storyboard in Resources */,
			);
			runOnlyForDeploymentPostprocessing = 0;
		};
		9933C43F23E82807000818B6 /* Resources */ = {
			isa = PBXResourcesBuildPhase;
			buildActionMask = 2147483647;
			files = (
			);
			runOnlyForDeploymentPostprocessing = 0;
		};
		9933C44A23E82807000818B6 /* Resources */ = {
			isa = PBXResourcesBuildPhase;
			buildActionMask = 2147483647;
			files = (
			);
			runOnlyForDeploymentPostprocessing = 0;
		};
/* End PBXResourcesBuildPhase section */

/* Begin PBXShellScriptBuildPhase section */
		3D1CC0BDE236F15399B29A9E /* [CP] Check Pods Manifest.lock */ = {
			isa = PBXShellScriptBuildPhase;
			buildActionMask = 2147483647;
			files = (
			);
			inputFileListPaths = (
			);
			inputPaths = (
				"${PODS_PODFILE_DIR_PATH}/Podfile.lock",
				"${PODS_ROOT}/Manifest.lock",
			);
			name = "[CP] Check Pods Manifest.lock";
			outputFileListPaths = (
			);
			outputPaths = (
				"$(DERIVED_FILE_DIR)/Pods-SunethShehan-cobsccomp182p-004-checkManifestLockResult.txt",
			);
			runOnlyForDeploymentPostprocessing = 0;
			shellPath = /bin/sh;
			shellScript = "diff \"${PODS_PODFILE_DIR_PATH}/Podfile.lock\" \"${PODS_ROOT}/Manifest.lock\" > /dev/null\nif [ $? != 0 ] ; then\n    # print error to STDERR\n    echo \"error: The sandbox is not in sync with the Podfile.lock. Run 'pod install' or update your CocoaPods installation.\" >&2\n    exit 1\nfi\n# This output is used by Xcode 'outputs' to avoid re-running this script phase.\necho \"SUCCESS\" > \"${SCRIPT_OUTPUT_FILE_0}\"\n";
			showEnvVarsInLog = 0;
		};
		4F7209FB1E29F5FCC10A3B20 /* [CP] Embed Pods Frameworks */ = {
			isa = PBXShellScriptBuildPhase;
			buildActionMask = 2147483647;
			files = (
			);
			inputFileListPaths = (
				"${PODS_ROOT}/Target Support Files/Pods-SunethShehan-cobsccomp182p-004/Pods-SunethShehan-cobsccomp182p-004-frameworks-${CONFIGURATION}-input-files.xcfilelist",
			);
			name = "[CP] Embed Pods Frameworks";
			outputFileListPaths = (
				"${PODS_ROOT}/Target Support Files/Pods-SunethShehan-cobsccomp182p-004/Pods-SunethShehan-cobsccomp182p-004-frameworks-${CONFIGURATION}-output-files.xcfilelist",
			);
			runOnlyForDeploymentPostprocessing = 0;
			shellPath = /bin/sh;
			shellScript = "\"${PODS_ROOT}/Target Support Files/Pods-SunethShehan-cobsccomp182p-004/Pods-SunethShehan-cobsccomp182p-004-frameworks.sh\"\n";
			showEnvVarsInLog = 0;
		};
		7537E024AB47D30F51519442 /* [CP] Embed Pods Frameworks */ = {
			isa = PBXShellScriptBuildPhase;
			buildActionMask = 2147483647;
			files = (
			);
			inputFileListPaths = (
				"${PODS_ROOT}/Target Support Files/Pods-SunethShehan-cobsccomp182p-004-SunethShehan-cobsccomp182p-004UITests/Pods-SunethShehan-cobsccomp182p-004-SunethShehan-cobsccomp182p-004UITests-frameworks-${CONFIGURATION}-input-files.xcfilelist",
			);
			name = "[CP] Embed Pods Frameworks";
			outputFileListPaths = (
				"${PODS_ROOT}/Target Support Files/Pods-SunethShehan-cobsccomp182p-004-SunethShehan-cobsccomp182p-004UITests/Pods-SunethShehan-cobsccomp182p-004-SunethShehan-cobsccomp182p-004UITests-frameworks-${CONFIGURATION}-output-files.xcfilelist",
			);
			runOnlyForDeploymentPostprocessing = 0;
			shellPath = /bin/sh;
			shellScript = "\"${PODS_ROOT}/Target Support Files/Pods-SunethShehan-cobsccomp182p-004-SunethShehan-cobsccomp182p-004UITests/Pods-SunethShehan-cobsccomp182p-004-SunethShehan-cobsccomp182p-004UITests-frameworks.sh\"\n";
			showEnvVarsInLog = 0;
		};
		CF6E8E1F529E4D6276AD025E /* [CP] Check Pods Manifest.lock */ = {
			isa = PBXShellScriptBuildPhase;
			buildActionMask = 2147483647;
			files = (
			);
			inputFileListPaths = (
			);
			inputPaths = (
				"${PODS_PODFILE_DIR_PATH}/Podfile.lock",
				"${PODS_ROOT}/Manifest.lock",
			);
			name = "[CP] Check Pods Manifest.lock";
			outputFileListPaths = (
			);
			outputPaths = (
				"$(DERIVED_FILE_DIR)/Pods-SunethShehan-cobsccomp182p-004Tests-checkManifestLockResult.txt",
			);
			runOnlyForDeploymentPostprocessing = 0;
			shellPath = /bin/sh;
			shellScript = "diff \"${PODS_PODFILE_DIR_PATH}/Podfile.lock\" \"${PODS_ROOT}/Manifest.lock\" > /dev/null\nif [ $? != 0 ] ; then\n    # print error to STDERR\n    echo \"error: The sandbox is not in sync with the Podfile.lock. Run 'pod install' or update your CocoaPods installation.\" >&2\n    exit 1\nfi\n# This output is used by Xcode 'outputs' to avoid re-running this script phase.\necho \"SUCCESS\" > \"${SCRIPT_OUTPUT_FILE_0}\"\n";
			showEnvVarsInLog = 0;
		};
		D1885C16162857CDC409D5E7 /* [CP] Check Pods Manifest.lock */ = {
			isa = PBXShellScriptBuildPhase;
			buildActionMask = 2147483647;
			files = (
			);
			inputFileListPaths = (
			);
			inputPaths = (
				"${PODS_PODFILE_DIR_PATH}/Podfile.lock",
				"${PODS_ROOT}/Manifest.lock",
			);
			name = "[CP] Check Pods Manifest.lock";
			outputFileListPaths = (
			);
			outputPaths = (
				"$(DERIVED_FILE_DIR)/Pods-SunethShehan-cobsccomp182p-004-SunethShehan-cobsccomp182p-004UITests-checkManifestLockResult.txt",
			);
			runOnlyForDeploymentPostprocessing = 0;
			shellPath = /bin/sh;
			shellScript = "diff \"${PODS_PODFILE_DIR_PATH}/Podfile.lock\" \"${PODS_ROOT}/Manifest.lock\" > /dev/null\nif [ $? != 0 ] ; then\n    # print error to STDERR\n    echo \"error: The sandbox is not in sync with the Podfile.lock. Run 'pod install' or update your CocoaPods installation.\" >&2\n    exit 1\nfi\n# This output is used by Xcode 'outputs' to avoid re-running this script phase.\necho \"SUCCESS\" > \"${SCRIPT_OUTPUT_FILE_0}\"\n";
			showEnvVarsInLog = 0;
		};
/* End PBXShellScriptBuildPhase section */

/* Begin PBXSourcesBuildPhase section */
		9933C42923E82805000818B6 /* Sources */ = {
			isa = PBXSourcesBuildPhase;
			buildActionMask = 2147483647;
			files = (
				9939FB8E23F965D200E75238 /* UpdateProfileViewController.swift in Sources */,
				9959E30C23FFEF670069D7F4 /* GuestTableViewController.swift in Sources */,
				995B9D7D23EFAE3800F1A970 /* PostEventViewController.swift in Sources */,
				993AED5023FE6BB60030BA47 /* DateHandler.swift in Sources */,
				997C811823EC7051003844D9 /* LoginViewController.swift in Sources */,
				995EFE5B23FA7D67000FA9E4 /* Event.swift in Sources */,
				99631BE023FDAB2F00F0F7C0 /* Location.swift in Sources */,
				993AED5223FE6F2E0030BA47 /* FirestoreClient.swift in Sources */,
				993AED5723FE72320030BA47 /* FStorageClient.swift in Sources */,
				9933C43123E82805000818B6 /* AppDelegate.swift in Sources */,
				995EFE5823FA7C73000FA9E4 /* User.swift in Sources */,
				993A2FC323F1D4DA00E38439 /* EventViewController.swift in Sources */,
				993D093C23ED264C002F14FA /* ImagePicker.swift in Sources */,
				993AED5523FE711B0030BA47 /* FormValidation.swift in Sources */,
				997C811C23EC7459003844D9 /* UIExtensions.swift in Sources */,
				994A10CA2402972900B1B1D5 /* ProfileViewController.swift in Sources */,
				995B9D8123EFB81A00F1A970 /* EventsTableViewController.swift in Sources */,
				997C811E23EC7AC6003844D9 /* RegistrationViewController.swift in Sources */,
				9980DD8523FF870B000BEEBC /* Alerts.swift in Sources */,
				9980DD8723FF93E9000BEEBC /* Routes.swift in Sources */,
				994A10C824025CC400B1B1D5 /* FAuthClient.swift in Sources */,
				994A10C6240259E500B1B1D5 /* CurrentUser.swift in Sources */,
				995B9D8423EFB95600F1A970 /* EventsTableViewCell.swift in Sources */,
			);
			runOnlyForDeploymentPostprocessing = 0;
		};
		9933C43D23E82807000818B6 /* Sources */ = {
			isa = PBXSourcesBuildPhase;
			buildActionMask = 2147483647;
			files = (
				9933C44623E82807000818B6 /* SunethShehan_cobsccomp182p_004Tests.swift in Sources */,
			);
			runOnlyForDeploymentPostprocessing = 0;
		};
		9933C44823E82807000818B6 /* Sources */ = {
			isa = PBXSourcesBuildPhase;
			buildActionMask = 2147483647;
			files = (
				9933C45123E82807000818B6 /* SunethShehan_cobsccomp182p_004UITests.swift in Sources */,
			);
			runOnlyForDeploymentPostprocessing = 0;
		};
/* End PBXSourcesBuildPhase section */

/* Begin PBXTargetDependency section */
		9933C44323E82807000818B6 /* PBXTargetDependency */ = {
			isa = PBXTargetDependency;
			target = 9933C42C23E82805000818B6 /* SunethShehan-cobsccomp182p-004 */;
			targetProxy = 9933C44223E82807000818B6 /* PBXContainerItemProxy */;
		};
		9933C44E23E82807000818B6 /* PBXTargetDependency */ = {
			isa = PBXTargetDependency;
			target = 9933C42C23E82805000818B6 /* SunethShehan-cobsccomp182p-004 */;
			targetProxy = 9933C44D23E82807000818B6 /* PBXContainerItemProxy */;
		};
/* End PBXTargetDependency section */

/* Begin PBXVariantGroup section */
		9933C43423E82805000818B6 /* Main.storyboard */ = {
			isa = PBXVariantGroup;
			children = (
				9933C43523E82805000818B6 /* Base */,
			);
			name = Main.storyboard;
			sourceTree = "<group>";
		};
		9933C43923E82807000818B6 /* LaunchScreen.storyboard */ = {
			isa = PBXVariantGroup;
			children = (
				9933C43A23E82807000818B6 /* Base */,
			);
			name = LaunchScreen.storyboard;
			sourceTree = "<group>";
		};
/* End PBXVariantGroup section */

/* Begin XCBuildConfiguration section */
		9933C45323E82807000818B6 /* Debug */ = {
			isa = XCBuildConfiguration;
			buildSettings = {
				ALWAYS_SEARCH_USER_PATHS = NO;
				CLANG_ANALYZER_NONNULL = YES;
				CLANG_ANALYZER_NUMBER_OBJECT_CONVERSION = YES_AGGRESSIVE;
				CLANG_CXX_LANGUAGE_STANDARD = "gnu++14";
				CLANG_CXX_LIBRARY = "libc++";
				CLANG_ENABLE_MODULES = YES;
				CLANG_ENABLE_OBJC_ARC = YES;
				CLANG_ENABLE_OBJC_WEAK = YES;
				CLANG_WARN_BLOCK_CAPTURE_AUTORELEASING = YES;
				CLANG_WARN_BOOL_CONVERSION = YES;
				CLANG_WARN_COMMA = YES;
				CLANG_WARN_CONSTANT_CONVERSION = YES;
				CLANG_WARN_DEPRECATED_OBJC_IMPLEMENTATIONS = YES;
				CLANG_WARN_DIRECT_OBJC_ISA_USAGE = YES_ERROR;
				CLANG_WARN_DOCUMENTATION_COMMENTS = YES;
				CLANG_WARN_EMPTY_BODY = YES;
				CLANG_WARN_ENUM_CONVERSION = YES;
				CLANG_WARN_INFINITE_RECURSION = YES;
				CLANG_WARN_INT_CONVERSION = YES;
				CLANG_WARN_NON_LITERAL_NULL_CONVERSION = YES;
				CLANG_WARN_OBJC_IMPLICIT_RETAIN_SELF = YES;
				CLANG_WARN_OBJC_LITERAL_CONVERSION = YES;
				CLANG_WARN_OBJC_ROOT_CLASS = YES_ERROR;
				CLANG_WARN_RANGE_LOOP_ANALYSIS = YES;
				CLANG_WARN_STRICT_PROTOTYPES = YES;
				CLANG_WARN_SUSPICIOUS_MOVE = YES;
				CLANG_WARN_UNGUARDED_AVAILABILITY = YES_AGGRESSIVE;
				CLANG_WARN_UNREACHABLE_CODE = YES;
				CLANG_WARN__DUPLICATE_METHOD_MATCH = YES;
				CODE_SIGN_IDENTITY = "iPhone Developer";
				COPY_PHASE_STRIP = NO;
				DEBUG_INFORMATION_FORMAT = dwarf;
				ENABLE_STRICT_OBJC_MSGSEND = YES;
				ENABLE_TESTABILITY = YES;
				GCC_C_LANGUAGE_STANDARD = gnu11;
				GCC_DYNAMIC_NO_PIC = NO;
				GCC_NO_COMMON_BLOCKS = YES;
				GCC_OPTIMIZATION_LEVEL = 0;
				GCC_PREPROCESSOR_DEFINITIONS = (
					"DEBUG=1",
					"$(inherited)",
				);
				GCC_WARN_64_TO_32_BIT_CONVERSION = YES;
				GCC_WARN_ABOUT_RETURN_TYPE = YES_ERROR;
				GCC_WARN_UNDECLARED_SELECTOR = YES;
				GCC_WARN_UNINITIALIZED_AUTOS = YES_AGGRESSIVE;
				GCC_WARN_UNUSED_FUNCTION = YES;
				GCC_WARN_UNUSED_VARIABLE = YES;
				IPHONEOS_DEPLOYMENT_TARGET = 12.4;
				MTL_ENABLE_DEBUG_INFO = INCLUDE_SOURCE;
				MTL_FAST_MATH = YES;
				ONLY_ACTIVE_ARCH = YES;
				SDKROOT = iphoneos;
				SWIFT_ACTIVE_COMPILATION_CONDITIONS = DEBUG;
				SWIFT_OPTIMIZATION_LEVEL = "-Onone";
			};
			name = Debug;
		};
		9933C45423E82807000818B6 /* Release */ = {
			isa = XCBuildConfiguration;
			buildSettings = {
				ALWAYS_SEARCH_USER_PATHS = NO;
				CLANG_ANALYZER_NONNULL = YES;
				CLANG_ANALYZER_NUMBER_OBJECT_CONVERSION = YES_AGGRESSIVE;
				CLANG_CXX_LANGUAGE_STANDARD = "gnu++14";
				CLANG_CXX_LIBRARY = "libc++";
				CLANG_ENABLE_MODULES = YES;
				CLANG_ENABLE_OBJC_ARC = YES;
				CLANG_ENABLE_OBJC_WEAK = YES;
				CLANG_WARN_BLOCK_CAPTURE_AUTORELEASING = YES;
				CLANG_WARN_BOOL_CONVERSION = YES;
				CLANG_WARN_COMMA = YES;
				CLANG_WARN_CONSTANT_CONVERSION = YES;
				CLANG_WARN_DEPRECATED_OBJC_IMPLEMENTATIONS = YES;
				CLANG_WARN_DIRECT_OBJC_ISA_USAGE = YES_ERROR;
				CLANG_WARN_DOCUMENTATION_COMMENTS = YES;
				CLANG_WARN_EMPTY_BODY = YES;
				CLANG_WARN_ENUM_CONVERSION = YES;
				CLANG_WARN_INFINITE_RECURSION = YES;
				CLANG_WARN_INT_CONVERSION = YES;
				CLANG_WARN_NON_LITERAL_NULL_CONVERSION = YES;
				CLANG_WARN_OBJC_IMPLICIT_RETAIN_SELF = YES;
				CLANG_WARN_OBJC_LITERAL_CONVERSION = YES;
				CLANG_WARN_OBJC_ROOT_CLASS = YES_ERROR;
				CLANG_WARN_RANGE_LOOP_ANALYSIS = YES;
				CLANG_WARN_STRICT_PROTOTYPES = YES;
				CLANG_WARN_SUSPICIOUS_MOVE = YES;
				CLANG_WARN_UNGUARDED_AVAILABILITY = YES_AGGRESSIVE;
				CLANG_WARN_UNREACHABLE_CODE = YES;
				CLANG_WARN__DUPLICATE_METHOD_MATCH = YES;
				CODE_SIGN_IDENTITY = "iPhone Developer";
				COPY_PHASE_STRIP = NO;
				DEBUG_INFORMATION_FORMAT = "dwarf-with-dsym";
				ENABLE_NS_ASSERTIONS = NO;
				ENABLE_STRICT_OBJC_MSGSEND = YES;
				GCC_C_LANGUAGE_STANDARD = gnu11;
				GCC_NO_COMMON_BLOCKS = YES;
				GCC_WARN_64_TO_32_BIT_CONVERSION = YES;
				GCC_WARN_ABOUT_RETURN_TYPE = YES_ERROR;
				GCC_WARN_UNDECLARED_SELECTOR = YES;
				GCC_WARN_UNINITIALIZED_AUTOS = YES_AGGRESSIVE;
				GCC_WARN_UNUSED_FUNCTION = YES;
				GCC_WARN_UNUSED_VARIABLE = YES;
				IPHONEOS_DEPLOYMENT_TARGET = 12.4;
				MTL_ENABLE_DEBUG_INFO = NO;
				MTL_FAST_MATH = YES;
				SDKROOT = iphoneos;
				SWIFT_COMPILATION_MODE = wholemodule;
				SWIFT_OPTIMIZATION_LEVEL = "-O";
				VALIDATE_PRODUCT = YES;
			};
			name = Release;
		};
		9933C45623E82807000818B6 /* Debug */ = {
			isa = XCBuildConfiguration;
			baseConfigurationReference = F9620E3644B4A65D9881240F /* Pods-SunethShehan-cobsccomp182p-004.debug.xcconfig */;
			buildSettings = {
				ASSETCATALOG_COMPILER_APPICON_NAME = AppIcon;
				CODE_SIGN_STYLE = Automatic;
				INFOPLIST_FILE = "SunethShehan-cobsccomp182p-004/Info.plist";
				LD_RUNPATH_SEARCH_PATHS = (
					"$(inherited)",
					"@executable_path/Frameworks",
				);
				PRODUCT_BUNDLE_IDENTIFIER = "com.nibm.SunethShehan-cobsccomp182p-004";
				PRODUCT_NAME = "$(TARGET_NAME)";
				SWIFT_VERSION = 5.0;
				TARGETED_DEVICE_FAMILY = "1,2";
			};
			name = Debug;
		};
		9933C45723E82807000818B6 /* Release */ = {
			isa = XCBuildConfiguration;
			baseConfigurationReference = 247C148DADB2F06F4DED341A /* Pods-SunethShehan-cobsccomp182p-004.release.xcconfig */;
			buildSettings = {
				ASSETCATALOG_COMPILER_APPICON_NAME = AppIcon;
				CODE_SIGN_STYLE = Automatic;
				INFOPLIST_FILE = "SunethShehan-cobsccomp182p-004/Info.plist";
				LD_RUNPATH_SEARCH_PATHS = (
					"$(inherited)",
					"@executable_path/Frameworks",
				);
				PRODUCT_BUNDLE_IDENTIFIER = "com.nibm.SunethShehan-cobsccomp182p-004";
				PRODUCT_NAME = "$(TARGET_NAME)";
				SWIFT_VERSION = 5.0;
				TARGETED_DEVICE_FAMILY = "1,2";
			};
			name = Release;
		};
		9933C45923E82807000818B6 /* Debug */ = {
			isa = XCBuildConfiguration;
			baseConfigurationReference = 70300C1D5FF32A6D718EE357 /* Pods-SunethShehan-cobsccomp182p-004Tests.debug.xcconfig */;
			buildSettings = {
				ALWAYS_EMBED_SWIFT_STANDARD_LIBRARIES = YES;
				BUNDLE_LOADER = "$(TEST_HOST)";
				CODE_SIGN_STYLE = Automatic;
				INFOPLIST_FILE = "SunethShehan-cobsccomp182p-004Tests/Info.plist";
				LD_RUNPATH_SEARCH_PATHS = (
					"$(inherited)",
					"@executable_path/Frameworks",
					"@loader_path/Frameworks",
				);
				PRODUCT_BUNDLE_IDENTIFIER = "com.nibm.SunethShehan-cobsccomp182p-004Tests";
				PRODUCT_NAME = "$(TARGET_NAME)";
				SWIFT_VERSION = 5.0;
				TARGETED_DEVICE_FAMILY = "1,2";
				TEST_HOST = "$(BUILT_PRODUCTS_DIR)/SunethShehan-cobsccomp182p-004.app/SunethShehan-cobsccomp182p-004";
			};
			name = Debug;
		};
		9933C45A23E82807000818B6 /* Release */ = {
			isa = XCBuildConfiguration;
			baseConfigurationReference = B5789176E32A2B3AEACA7538 /* Pods-SunethShehan-cobsccomp182p-004Tests.release.xcconfig */;
			buildSettings = {
				ALWAYS_EMBED_SWIFT_STANDARD_LIBRARIES = YES;
				BUNDLE_LOADER = "$(TEST_HOST)";
				CODE_SIGN_STYLE = Automatic;
				INFOPLIST_FILE = "SunethShehan-cobsccomp182p-004Tests/Info.plist";
				LD_RUNPATH_SEARCH_PATHS = (
					"$(inherited)",
					"@executable_path/Frameworks",
					"@loader_path/Frameworks",
				);
				PRODUCT_BUNDLE_IDENTIFIER = "com.nibm.SunethShehan-cobsccomp182p-004Tests";
				PRODUCT_NAME = "$(TARGET_NAME)";
				SWIFT_VERSION = 5.0;
				TARGETED_DEVICE_FAMILY = "1,2";
				TEST_HOST = "$(BUILT_PRODUCTS_DIR)/SunethShehan-cobsccomp182p-004.app/SunethShehan-cobsccomp182p-004";
			};
			name = Release;
		};
		9933C45C23E82807000818B6 /* Debug */ = {
			isa = XCBuildConfiguration;
			baseConfigurationReference = 3379A7821E31CCCDEE336B13 /* Pods-SunethShehan-cobsccomp182p-004-SunethShehan-cobsccomp182p-004UITests.debug.xcconfig */;
			buildSettings = {
				ALWAYS_EMBED_SWIFT_STANDARD_LIBRARIES = YES;
				CODE_SIGN_STYLE = Automatic;
				INFOPLIST_FILE = "SunethShehan-cobsccomp182p-004UITests/Info.plist";
				LD_RUNPATH_SEARCH_PATHS = (
					"$(inherited)",
					"@executable_path/Frameworks",
					"@loader_path/Frameworks",
				);
				PRODUCT_BUNDLE_IDENTIFIER = "com.nibm.SunethShehan-cobsccomp182p-004UITests";
				PRODUCT_NAME = "$(TARGET_NAME)";
				SWIFT_VERSION = 5.0;
				TARGETED_DEVICE_FAMILY = "1,2";
				TEST_TARGET_NAME = "SunethShehan-cobsccomp182p-004";
			};
			name = Debug;
		};
		9933C45D23E82807000818B6 /* Release */ = {
			isa = XCBuildConfiguration;
			baseConfigurationReference = 19F52C9B74A470CEE9D49082 /* Pods-SunethShehan-cobsccomp182p-004-SunethShehan-cobsccomp182p-004UITests.release.xcconfig */;
			buildSettings = {
				ALWAYS_EMBED_SWIFT_STANDARD_LIBRARIES = YES;
				CODE_SIGN_STYLE = Automatic;
				INFOPLIST_FILE = "SunethShehan-cobsccomp182p-004UITests/Info.plist";
				LD_RUNPATH_SEARCH_PATHS = (
					"$(inherited)",
					"@executable_path/Frameworks",
					"@loader_path/Frameworks",
				);
				PRODUCT_BUNDLE_IDENTIFIER = "com.nibm.SunethShehan-cobsccomp182p-004UITests";
				PRODUCT_NAME = "$(TARGET_NAME)";
				SWIFT_VERSION = 5.0;
				TARGETED_DEVICE_FAMILY = "1,2";
				TEST_TARGET_NAME = "SunethShehan-cobsccomp182p-004";
			};
			name = Release;
		};
/* End XCBuildConfiguration section */

/* Begin XCConfigurationList section */
		9933C42823E82805000818B6 /* Build configuration list for PBXProject "SunethShehan-cobsccomp182p-004" */ = {
			isa = XCConfigurationList;
			buildConfigurations = (
				9933C45323E82807000818B6 /* Debug */,
				9933C45423E82807000818B6 /* Release */,
			);
			defaultConfigurationIsVisible = 0;
			defaultConfigurationName = Release;
		};
		9933C45523E82807000818B6 /* Build configuration list for PBXNativeTarget "SunethShehan-cobsccomp182p-004" */ = {
			isa = XCConfigurationList;
			buildConfigurations = (
				9933C45623E82807000818B6 /* Debug */,
				9933C45723E82807000818B6 /* Release */,
			);
			defaultConfigurationIsVisible = 0;
			defaultConfigurationName = Release;
		};
		9933C45823E82807000818B6 /* Build configuration list for PBXNativeTarget "SunethShehan-cobsccomp182p-004Tests" */ = {
			isa = XCConfigurationList;
			buildConfigurations = (
				9933C45923E82807000818B6 /* Debug */,
				9933C45A23E82807000818B6 /* Release */,
			);
			defaultConfigurationIsVisible = 0;
			defaultConfigurationName = Release;
		};
		9933C45B23E82807000818B6 /* Build configuration list for PBXNativeTarget "SunethShehan-cobsccomp182p-004UITests" */ = {
			isa = XCConfigurationList;
			buildConfigurations = (
				9933C45C23E82807000818B6 /* Debug */,
				9933C45D23E82807000818B6 /* Release */,
			);
			defaultConfigurationIsVisible = 0;
			defaultConfigurationName = Release;
		};
/* End XCConfigurationList section */
	};
	rootObject = 9933C42523E82805000818B6 /* Project object */;
}
